
Microsoft Visual Studio Solution File, Format Version 12.00
# Visual Studio 2013
VisualStudioVersion = 12.0.40629.0
MinimumVisualStudioVersion = 10.0.40219.1
Project("{FAE04EC0-301F-11D3-BF4B-00C04F79EFBC}") = "DominionCardTracker.Models", "DominionCardTracker.Models\DominionCardTracker.Models.csproj", "{B7D20DF6-C927-4D53-9A8E-E79642C5A9F7}"
EndProject
Project("{FAE04EC0-301F-11D3-BF4B-00C04F79EFBC}") = "DominionCardTracker.DataLayer", "DominionCardTracker.DataLayer\DominionCardTracker.DataLayer.csproj", "{1C9C213A-D6BB-4D5A-83CC-0B667F5150E6}"
EndProject
Project("{FAE04EC0-301F-11D3-BF4B-00C04F79EFBC}") = "DominionCardTracker.IntegrationTest", "DominionCardTracker.IntegrationTest\DominionCardTracker.IntegrationTest.csproj", "{28F89917-68F4-4D87-991D-19B1739482AB}"
EndProject
Project("{FAE04EC0-301F-11D3-BF4B-00C04F79EFBC}") = "DominionCardTracker.Web", "DominionCardTracker.Web\DominionCardTracker.Web.csproj", "{38C0BDD8-CEB2-4256-BAA5-4D5C7BBCCA38}"
EndProject
Project("{2150E333-8FDC-42A3-9474-1A3956D46DE8}") = ".nuget", ".nuget", "{E827842D-657D-4D22-AAF0-C7925CA674DE}"
	ProjectSection(SolutionItems) = preProject
		.nuget\NuGet.Config = .nuget\NuGet.Config
		.nuget\NuGet.exe = .nuget\NuGet.exe
		.nuget\NuGet.targets = .nuget\NuGet.targets
	EndProjectSection
EndProject
Global
	GlobalSection(SolutionConfigurationPlatforms) = preSolution
		Debug|Any CPU = Debug|Any CPU
		Release|Any CPU = Release|Any CPU
	EndGlobalSection
	GlobalSection(ProjectConfigurationPlatforms) = postSolution
		{B7D20DF6-C927-4D53-9A8E-E79642C5A9F7}.Debug|Any CPU.ActiveCfg = Debug|Any CPU
		{B7D20DF6-C927-4D53-9A8E-E79642C5A9F7}.Debug|Any CPU.Build.0 = Debug|Any CPU
		{B7D20DF6-C927-4D53-9A8E-E79642C5A9F7}.Release|Any CPU.ActiveCfg = Release|Any CPU
		{B7D20DF6-C927-4D53-9A8E-E79642C5A9F7}.Release|Any CPU.Build.0 = Release|Any CPU
		{1C9C213A-D6BB-4D5A-83CC-0B667F5150E6}.Debug|Any CPU.ActiveCfg = Debug|Any CPU
		{1C9C213A-D6BB-4D5A-83CC-0B667F5150E6}.Debug|Any CPU.Build.0 = Debug|Any CPU
		{1C9C213A-D6BB-4D5A-83CC-0B667F5150E6}.Release|Any CPU.ActiveCfg = Release|Any CPU
		{1C9C213A-D6BB-4D5A-83CC-0B667F5150E6}.Release|Any CPU.Build.0 = Release|Any CPU
		{28F89917-68F4-4D87-991D-19B1739482AB}.Debug|Any CPU.ActiveCfg = Debug|Any CPU
		{28F89917-68F4-4D87-991D-19B1739482AB}.Debug|Any CPU.Build.0 = Debug|Any CPU
		{28F89917-68F4-4D87-991D-19B1739482AB}.Release|Any CPU.ActiveCfg = Release|Any CPU
		{28F89917-68F4-4D87-991D-19B1739482AB}.Release|Any CPU.Build.0 = Release|Any CPU
		{38C0BDD8-CEB2-4256-BAA5-4D5C7BBCCA38}.Debug|Any CPU.ActiveCfg = Debug|Any CPU
		{38C0BDD8-CEB2-4256-BAA5-4D5C7BBCCA38}.Debug|Any CPU.Build.0 = Debug|Any CPU
		{38C0BDD8-CEB2-4256-BAA5-4D5C7BBCCA38}.Release|Any CPU.ActiveCfg = Release|Any CPU
		{38C0BDD8-CEB2-4256-BAA5-4D5C7BBCCA38}.Release|Any CPU.Build.0 = Release|Any CPU
	EndGlobalSection
	GlobalSection(SolutionProperties) = preSolution
		HideSolutionNode = FALSE
	EndGlobalSection
EndGlobal
